// !$*UTF8*$!
{
	archiveVersion = 1;
	classes = {
	};
	objectVersion = 55;
	objects = {

/* Begin PBXBuildFile section */
		774BF66528323FDC00AA71F1 /* AppDelegate.swift in Sources */ = {isa = PBXBuildFile; fileRef = 774BF66428323FDC00AA71F1 /* AppDelegate.swift */; };
		774BF66728323FDC00AA71F1 /* SceneDelegate.swift in Sources */ = {isa = PBXBuildFile; fileRef = 774BF66628323FDC00AA71F1 /* SceneDelegate.swift */; };
		774BF66928323FDC00AA71F1 /* ViewController.swift in Sources */ = {isa = PBXBuildFile; fileRef = 774BF66828323FDC00AA71F1 /* ViewController.swift */; };
		774BF66C28323FDC00AA71F1 /* Main.storyboard in Resources */ = {isa = PBXBuildFile; fileRef = 774BF66A28323FDC00AA71F1 /* Main.storyboard */; };
		774BF66E28323FDD00AA71F1 /* Assets.xcassets in Resources */ = {isa = PBXBuildFile; fileRef = 774BF66D28323FDD00AA71F1 /* Assets.xcassets */; };
		774BF67128323FDD00AA71F1 /* LaunchScreen.storyboard in Resources */ = {isa = PBXBuildFile; fileRef = 774BF66F28323FDD00AA71F1 /* LaunchScreen.storyboard */; };
		89CFF3AFF7880FE9E6B68D80 /* Pods_ZEPETO_iOS.framework in Frameworks */ = {isa = PBXBuildFile; fileRef = 4574688DFF3444344566FA9D /* Pods_ZEPETO_iOS.framework */; };
/* End PBXBuildFile section */

/* Begin PBXFileReference section */
		0765CD94A3577D73D39AB8E3 /* Pods-ZEPETO-iOS.release.xcconfig */ = {isa = PBXFileReference; includeInIndex = 1; lastKnownFileType = text.xcconfig; name = "Pods-ZEPETO-iOS.release.xcconfig"; path = "Target Support Files/Pods-ZEPETO-iOS/Pods-ZEPETO-iOS.release.xcconfig"; sourceTree = "<group>"; };
		4574688DFF3444344566FA9D /* Pods_ZEPETO_iOS.framework */ = {isa = PBXFileReference; explicitFileType = wrapper.framework; includeInIndex = 0; path = Pods_ZEPETO_iOS.framework; sourceTree = BUILT_PRODUCTS_DIR; };
		774BF66128323FDC00AA71F1 /* ZEPETO-iOS.app */ = {isa = PBXFileReference; explicitFileType = wrapper.application; includeInIndex = 0; path = "ZEPETO-iOS.app"; sourceTree = BUILT_PRODUCTS_DIR; };
		774BF66428323FDC00AA71F1 /* AppDelegate.swift */ = {isa = PBXFileReference; lastKnownFileType = sourcecode.swift; path = AppDelegate.swift; sourceTree = "<group>"; };
		774BF66628323FDC00AA71F1 /* SceneDelegate.swift */ = {isa = PBXFileReference; lastKnownFileType = sourcecode.swift; path = SceneDelegate.swift; sourceTree = "<group>"; };
		774BF66828323FDC00AA71F1 /* ViewController.swift */ = {isa = PBXFileReference; lastKnownFileType = sourcecode.swift; path = ViewController.swift; sourceTree = "<group>"; };
		774BF66B28323FDC00AA71F1 /* Base */ = {isa = PBXFileReference; lastKnownFileType = file.storyboard; name = Base; path = Base.lproj/Main.storyboard; sourceTree = "<group>"; };
		774BF66D28323FDD00AA71F1 /* Assets.xcassets */ = {isa = PBXFileReference; lastKnownFileType = folder.assetcatalog; path = Assets.xcassets; sourceTree = "<group>"; };
		774BF67028323FDD00AA71F1 /* Base */ = {isa = PBXFileReference; lastKnownFileType = file.storyboard; name = Base; path = Base.lproj/LaunchScreen.storyboard; sourceTree = "<group>"; };
		774BF67228323FDD00AA71F1 /* Info.plist */ = {isa = PBXFileReference; lastKnownFileType = text.plist.xml; path = Info.plist; sourceTree = "<group>"; };
		A1BF2D29D811C0799B44ECBC /* Pods-ZEPETO-iOS.debug.xcconfig */ = {isa = PBXFileReference; includeInIndex = 1; lastKnownFileType = text.xcconfig; name = "Pods-ZEPETO-iOS.debug.xcconfig"; path = "Target Support Files/Pods-ZEPETO-iOS/Pods-ZEPETO-iOS.debug.xcconfig"; sourceTree = "<group>"; };
/* End PBXFileReference section */

/* Begin PBXFrameworksBuildPhase section */
		774BF65E28323FDC00AA71F1 /* Frameworks */ = {
			isa = PBXFrameworksBuildPhase;
			buildActionMask = 2147483647;
			files = (
				89CFF3AFF7880FE9E6B68D80 /* Pods_ZEPETO_iOS.framework in Frameworks */,
			);
			runOnlyForDeploymentPostprocessing = 0;
		};
/* End PBXFrameworksBuildPhase section */

/* Begin PBXGroup section */
		774BF65828323FDC00AA71F1 = {
			isa = PBXGroup;
			children = (
				774BF66328323FDC00AA71F1 /* ZEPETO-iOS */,
				774BF66228323FDC00AA71F1 /* Products */,
				8F532EE8DA44D29676BB1B41 /* Pods */,
				8F1B7AB4752BF63D9B274AC2 /* Frameworks */,
			);
			sourceTree = "<group>";
		};
		774BF66228323FDC00AA71F1 /* Products */ = {
			isa = PBXGroup;
			children = (
				774BF66128323FDC00AA71F1 /* ZEPETO-iOS.app */,
			);
			name = Products;
			sourceTree = "<group>";
		};
		774BF66328323FDC00AA71F1 /* ZEPETO-iOS */ = {
			isa = PBXGroup;
			children = (
				774BF6782832416300AA71F1 /* Global */,
				774BF67B283241D400AA71F1 /* Network */,
				774BF67A2832418800AA71F1 /* Screen */,
				774BF6792832417700AA71F1 /* Support */,
				774BF66428323FDC00AA71F1 /* AppDelegate.swift */,
				774BF66628323FDC00AA71F1 /* SceneDelegate.swift */,
				774BF66828323FDC00AA71F1 /* ViewController.swift */,
				774BF66A28323FDC00AA71F1 /* Main.storyboard */,
				774BF66D28323FDD00AA71F1 /* Assets.xcassets */,
				774BF66F28323FDD00AA71F1 /* LaunchScreen.storyboard */,
				774BF67228323FDD00AA71F1 /* Info.plist */,
			);
			path = "ZEPETO-iOS";
			sourceTree = "<group>";
		};
		774BF6782832416300AA71F1 /* Global */ = {
			isa = PBXGroup;
			children = (
			);
			path = Global;
			sourceTree = "<group>";
		};
		774BF6792832417700AA71F1 /* Support */ = {
			isa = PBXGroup;
			children = (
			);
			path = Support;
			sourceTree = "<group>";
		};
		774BF67A2832418800AA71F1 /* Screen */ = {
			isa = PBXGroup;
			children = (
			);
			path = Screen;
			sourceTree = "<group>";
		};
		774BF67B283241D400AA71F1 /* Network */ = {
			isa = PBXGroup;
			children = (
			);
			path = Network;
			sourceTree = "<group>";
		};
		8F1B7AB4752BF63D9B274AC2 /* Frameworks */ = {
			isa = PBXGroup;
			children = (
				4574688DFF3444344566FA9D /* Pods_ZEPETO_iOS.framework */,
			);
			name = Frameworks;
			sourceTree = "<group>";
		};
		8F532EE8DA44D29676BB1B41 /* Pods */ = {
			isa = PBXGroup;
			children = (
				A1BF2D29D811C0799B44ECBC /* Pods-ZEPETO-iOS.debug.xcconfig */,
				0765CD94A3577D73D39AB8E3 /* Pods-ZEPETO-iOS.release.xcconfig */,
			);
			name = Pods;
			path = Pods;
			sourceTree = "<group>";
		};
/* End PBXGroup section */

/* Begin PBXNativeTarget section */
		774BF66028323FDC00AA71F1 /* ZEPETO-iOS */ = {
			isa = PBXNativeTarget;
			buildConfigurationList = 774BF67528323FDD00AA71F1 /* Build configuration list for PBXNativeTarget "ZEPETO-iOS" */;
			buildPhases = (
				3F831D1FA3F40B5CB23F8659 /* [CP] Check Pods Manifest.lock */,
				774BF65D28323FDC00AA71F1 /* Sources */,
				774BF65E28323FDC00AA71F1 /* Frameworks */,
				774BF65F28323FDC00AA71F1 /* Resources */,
				A6BD4809E837DFF377CD28BC /* [CP] Embed Pods Frameworks */,
			);
			buildRules = (
			);
			dependencies = (
			);
			name = "ZEPETO-iOS";
			productName = "ZEPETO-iOS";
			productReference = 774BF66128323FDC00AA71F1 /* ZEPETO-iOS.app */;
			productType = "com.apple.product-type.application";
		};
/* End PBXNativeTarget section */

/* Begin PBXProject section */
		774BF65928323FDC00AA71F1 /* Project object */ = {
			isa = PBXProject;
			attributes = {
				BuildIndependentTargetsInParallel = 1;
				LastSwiftUpdateCheck = 1330;
				LastUpgradeCheck = 1330;
				TargetAttributes = {
					774BF66028323FDC00AA71F1 = {
						CreatedOnToolsVersion = 13.3.1;
					};
				};
			};
			buildConfigurationList = 774BF65C28323FDC00AA71F1 /* Build configuration list for PBXProject "ZEPETO-iOS" */;
			compatibilityVersion = "Xcode 13.0";
			developmentRegion = en;
			hasScannedForEncodings = 0;
			knownRegions = (
				en,
				Base,
			);
			mainGroup = 774BF65828323FDC00AA71F1;
			productRefGroup = 774BF66228323FDC00AA71F1 /* Products */;
			projectDirPath = "";
			projectRoot = "";
			targets = (
				774BF66028323FDC00AA71F1 /* ZEPETO-iOS */,
			);
		};
/* End PBXProject section */

/* Begin PBXResourcesBuildPhase section */
		774BF65F28323FDC00AA71F1 /* Resources */ = {
			isa = PBXResourcesBuildPhase;
			buildActionMask = 2147483647;
			files = (
				774BF67128323FDD00AA71F1 /* LaunchScreen.storyboard in Resources */,
				774BF66E28323FDD00AA71F1 /* Assets.xcassets in Resources */,
				774BF66C28323FDC00AA71F1 /* Main.storyboard in Resources */,
			);
			runOnlyForDeploymentPostprocessing = 0;
		};
/* End PBXResourcesBuildPhase section */

/* Begin PBXShellScriptBuildPhase section */
		3F831D1FA3F40B5CB23F8659 /* [CP] Check Pods Manifest.lock */ = {
			isa = PBXShellScriptBuildPhase;
			buildActionMask = 2147483647;
			files = (
			);
			inputFileListPaths = (
			);
			inputPaths = (
				"${PODS_PODFILE_DIR_PATH}/Podfile.lock",
				"${PODS_ROOT}/Manifest.lock",
			);
			name = "[CP] Check Pods Manifest.lock";
			outputFileListPaths = (
			);
			outputPaths = (
				"$(DERIVED_FILE_DIR)/Pods-ZEPETO-iOS-checkManifestLockResult.txt",
			);
			runOnlyForDeploymentPostprocessing = 0;
			shellPath = /bin/sh;
			shellScript = "diff \"${PODS_PODFILE_DIR_PATH}/Podfile.lock\" \"${PODS_ROOT}/Manifest.lock\" > /dev/null\nif [ $? != 0 ] ; then\n    # print error to STDERR\n    echo \"error: The sandbox is not in sync with the Podfile.lock. Run 'pod install' or update your CocoaPods installation.\" >&2\n    exit 1\nfi\n# This output is used by Xcode 'outputs' to avoid re-running this script phase.\necho \"SUCCESS\" > \"${SCRIPT_OUTPUT_FILE_0}\"\n";
			showEnvVarsInLog = 0;
		};
		A6BD4809E837DFF377CD28BC /* [CP] Embed Pods Frameworks */ = {
			isa = PBXShellScriptBuildPhase;
			buildActionMask = 2147483647;
			files = (
			);
			inputFileListPaths = (
				"${PODS_ROOT}/Target Support Files/Pods-ZEPETO-iOS/Pods-ZEPETO-iOS-frameworks-${CONFIGURATION}-input-files.xcfilelist",
			);
			name = "[CP] Embed Pods Frameworks";
			outputFileListPaths = (
				"${PODS_ROOT}/Target Support Files/Pods-ZEPETO-iOS/Pods-ZEPETO-iOS-frameworks-${CONFIGURATION}-output-files.xcfilelist",
			);
			runOnlyForDeploymentPostprocessing = 0;
			shellPath = /bin/sh;
			shellScript = "\"${PODS_ROOT}/Target Support Files/Pods-ZEPETO-iOS/Pods-ZEPETO-iOS-frameworks.sh\"\n";
			showEnvVarsInLog = 0;
		};
/* End PBXShellScriptBuildPhase section */

/* Begin PBXSourcesBuildPhase section */
		774BF65D28323FDC00AA71F1 /* Sources */ = {
			isa = PBXSourcesBuildPhase;
			buildActionMask = 2147483647;
			files = (
				774BF66928323FDC00AA71F1 /* ViewController.swift in Sources */,
				774BF66528323FDC00AA71F1 /* AppDelegate.swift in Sources */,
				774BF66728323FDC00AA71F1 /* SceneDelegate.swift in Sources */,
			);
			runOnlyForDeploymentPostprocessing = 0;
		};
/* End PBXSourcesBuildPhase section */

/* Begin PBXVariantGroup section */
		774BF66A28323FDC00AA71F1 /* Main.storyboard */ = {
			isa = PBXVariantGroup;
			children = (
				774BF66B28323FDC00AA71F1 /* Base */,
			);
			name = Main.storyboard;
			sourceTree = "<group>";
		};
		774BF66F28323FDD00AA71F1 /* LaunchScreen.storyboard */ = {
			isa = PBXVariantGroup;
			children = (
				774BF67028323FDD00AA71F1 /* Base */,
			);
			name = LaunchScreen.storyboard;
			sourceTree = "<group>";
		};
/* End PBXVariantGroup section */

/* Begin XCBuildConfiguration section */
		774BF67328323FDD00AA71F1 /* Debug */ = {
			isa = XCBuildConfiguration;
			buildSettings = {
				ALWAYS_SEARCH_USER_PATHS = NO;
				CLANG_ANALYZER_NONNULL = YES;
				CLANG_ANALYZER_NUMBER_OBJECT_CONVERSION = YES_AGGRESSIVE;
				CLANG_CXX_LANGUAGE_STANDARD = "gnu++17";
				CLANG_ENABLE_MODULES = YES;
				CLANG_ENABLE_OBJC_ARC = YES;
				CLANG_ENABLE_OBJC_WEAK = YES;
				CLANG_WARN_BLOCK_CAPTURE_AUTORELEASING = YES;
				CLANG_WARN_BOOL_CONVERSION = YES;
				CLANG_WARN_COMMA = YES;
				CLANG_WARN_CONSTANT_CONVERSION = YES;
				CLANG_WARN_DEPRECATED_OBJC_IMPLEMENTATIONS = YES;
				CLANG_WARN_DIRECT_OBJC_ISA_USAGE = YES_ERROR;
				CLANG_WARN_DOCUMENTATION_COMMENTS = YES;
				CLANG_WARN_EMPTY_BODY = YES;
				CLANG_WARN_ENUM_CONVERSION = YES;
				CLANG_WARN_INFINITE_RECURSION = YES;
				CLANG_WARN_INT_CONVERSION = YES;
				CLANG_WARN_NON_LITERAL_NULL_CONVERSION = YES;
				CLANG_WARN_OBJC_IMPLICIT_RETAIN_SELF = YES;
				CLANG_WARN_OBJC_LITERAL_CONVERSION = YES;
				CLANG_WARN_OBJC_ROOT_CLASS = YES_ERROR;
				CLANG_WARN_QUOTED_INCLUDE_IN_FRAMEWORK_HEADER = YES;
				CLANG_WARN_RANGE_LOOP_ANALYSIS = YES;
				CLANG_WARN_STRICT_PROTOTYPES = YES;
				CLANG_WARN_SUSPICIOUS_MOVE = YES;
				CLANG_WARN_UNGUARDED_AVAILABILITY = YES_AGGRESSIVE;
				CLANG_WARN_UNREACHABLE_CODE = YES;
				CLANG_WARN__DUPLICATE_METHOD_MATCH = YES;
				COPY_PHASE_STRIP = NO;
				DEBUG_INFORMATION_FORMAT = dwarf;
				ENABLE_STRICT_OBJC_MSGSEND = YES;
				ENABLE_TESTABILITY = YES;
				GCC_C_LANGUAGE_STANDARD = gnu11;
				GCC_DYNAMIC_NO_PIC = NO;
				GCC_NO_COMMON_BLOCKS = YES;
				GCC_OPTIMIZATION_LEVEL = 0;
				GCC_PREPROCESSOR_DEFINITIONS = (
					"DEBUG=1",
					"$(inherited)",
				);
				GCC_WARN_64_TO_32_BIT_CONVERSION = YES;
				GCC_WARN_ABOUT_RETURN_TYPE = YES_ERROR;
				GCC_WARN_UNDECLARED_SELECTOR = YES;
				GCC_WARN_UNINITIALIZED_AUTOS = YES_AGGRESSIVE;
				GCC_WARN_UNUSED_FUNCTION = YES;
				GCC_WARN_UNUSED_VARIABLE = YES;
				IPHONEOS_DEPLOYMENT_TARGET = 15.4;
				MTL_ENABLE_DEBUG_INFO = INCLUDE_SOURCE;
				MTL_FAST_MATH = YES;
				ONLY_ACTIVE_ARCH = YES;
				SDKROOT = iphoneos;
				SWIFT_ACTIVE_COMPILATION_CONDITIONS = DEBUG;
				SWIFT_OPTIMIZATION_LEVEL = "-Onone";
			};
			name = Debug;
		};
		774BF67428323FDD00AA71F1 /* Release */ = {
			isa = XCBuildConfiguration;
			buildSettings = {
				ALWAYS_SEARCH_USER_PATHS = NO;
				CLANG_ANALYZER_NONNULL = YES;
				CLANG_ANALYZER_NUMBER_OBJECT_CONVERSION = YES_AGGRESSIVE;
				CLANG_CXX_LANGUAGE_STANDARD = "gnu++17";
				CLANG_ENABLE_MODULES = YES;
				CLANG_ENABLE_OBJC_ARC = YES;
				CLANG_ENABLE_OBJC_WEAK = YES;
				CLANG_WARN_BLOCK_CAPTURE_AUTORELEASING = YES;
				CLANG_WARN_BOOL_CONVERSION = YES;
				CLANG_WARN_COMMA = YES;
				CLANG_WARN_CONSTANT_CONVERSION = YES;
				CLANG_WARN_DEPRECATED_OBJC_IMPLEMENTATIONS = YES;
				CLANG_WARN_DIRECT_OBJC_ISA_USAGE = YES_ERROR;
				CLANG_WARN_DOCUMENTATION_COMMENTS = YES;
				CLANG_WARN_EMPTY_BODY = YES;
				CLANG_WARN_ENUM_CONVERSION = YES;
				CLANG_WARN_INFINITE_RECURSION = YES;
				CLANG_WARN_INT_CONVERSION = YES;
				CLANG_WARN_NON_LITERAL_NULL_CONVERSION = YES;
				CLANG_WARN_OBJC_IMPLICIT_RETAIN_SELF = YES;
				CLANG_WARN_OBJC_LITERAL_CONVERSION = YES;
				CLANG_WARN_OBJC_ROOT_CLASS = YES_ERROR;
				CLANG_WARN_QUOTED_INCLUDE_IN_FRAMEWORK_HEADER = YES;
				CLANG_WARN_RANGE_LOOP_ANALYSIS = YES;
				CLANG_WARN_STRICT_PROTOTYPES = YES;
				CLANG_WARN_SUSPICIOUS_MOVE = YES;
				CLANG_WARN_UNGUARDED_AVAILABILITY = YES_AGGRESSIVE;
				CLANG_WARN_UNREACHABLE_CODE = YES;
				CLANG_WARN__DUPLICATE_METHOD_MATCH = YES;
				COPY_PHASE_STRIP = NO;
				DEBUG_INFORMATION_FORMAT = "dwarf-with-dsym";
				ENABLE_NS_ASSERTIONS = NO;
				ENABLE_STRICT_OBJC_MSGSEND = YES;
				GCC_C_LANGUAGE_STANDARD = gnu11;
				GCC_NO_COMMON_BLOCKS = YES;
				GCC_WARN_64_TO_32_BIT_CONVERSION = YES;
				GCC_WARN_ABOUT_RETURN_TYPE = YES_ERROR;
				GCC_WARN_UNDECLARED_SELECTOR = YES;
				GCC_WARN_UNINITIALIZED_AUTOS = YES_AGGRESSIVE;
				GCC_WARN_UNUSED_FUNCTION = YES;
				GCC_WARN_UNUSED_VARIABLE = YES;
				IPHONEOS_DEPLOYMENT_TARGET = 15.4;
				MTL_ENABLE_DEBUG_INFO = NO;
				MTL_FAST_MATH = YES;
				SDKROOT = iphoneos;
				SWIFT_COMPILATION_MODE = wholemodule;
				SWIFT_OPTIMIZATION_LEVEL = "-O";
				VALIDATE_PRODUCT = YES;
			};
			name = Release;
		};
		774BF67628323FDD00AA71F1 /* Debug */ = {
			isa = XCBuildConfiguration;
			baseConfigurationReference = A1BF2D29D811C0799B44ECBC /* Pods-ZEPETO-iOS.debug.xcconfig */;
			buildSettings = {
				ASSETCATALOG_COMPILER_APPICON_NAME = AppIcon;
				ASSETCATALOG_COMPILER_GLOBAL_ACCENT_COLOR_NAME = AccentColor;
				CODE_SIGN_STYLE = Automatic;
				CURRENT_PROJECT_VERSION = 1;
				DEVELOPMENT_TEAM = 397WA8BG8W;
				GENERATE_INFOPLIST_FILE = YES;
				INFOPLIST_FILE = "ZEPETO-iOS/Info.plist";
				INFOPLIST_KEY_UIApplicationSupportsIndirectInputEvents = YES;
				INFOPLIST_KEY_UILaunchStoryboardName = LaunchScreen;
				INFOPLIST_KEY_UIMainStoryboardFile = Main;
				INFOPLIST_KEY_UISupportedInterfaceOrientations_iPad = "UIInterfaceOrientationPortrait UIInterfaceOrientationPortraitUpsideDown UIInterfaceOrientationLandscapeLeft UIInterfaceOrientationLandscapeRight";
				INFOPLIST_KEY_UISupportedInterfaceOrientations_iPhone = "UIInterfaceOrientationPortrait UIInterfaceOrientationLandscapeLeft UIInterfaceOrientationLandscapeRight";
				LD_RUNPATH_SEARCH_PATHS = (
					"$(inherited)",
					"@executable_path/Frameworks",
				);
				MARKETING_VERSION = 1.0;
				PRODUCT_BUNDLE_IDENTIFIER = "com.eunju.ZEPETO-iOS";
				PRODUCT_NAME = "$(TARGET_NAME)";
				SWIFT_EMIT_LOC_STRINGS = YES;
				SWIFT_VERSION = 5.0;
				TARGETED_DEVICE_FAMILY = "1,2";
			};
			name = Debug;
		};
		774BF67728323FDD00AA71F1 /* Release */ = {
			isa = XCBuildConfiguration;
			baseConfigurationReference = 0765CD94A3577D73D39AB8E3 /* Pods-ZEPETO-iOS.release.xcconfig */;
			buildSettings = {
				ASSETCATALOG_COMPILER_APPICON_NAME = AppIcon;
				ASSETCATALOG_COMPILER_GLOBAL_ACCENT_COLOR_NAME = AccentColor;
				CODE_SIGN_STYLE = Automatic;
				CURRENT_PROJECT_VERSION = 1;
				DEVELOPMENT_TEAM = 397WA8BG8W;
				GENERATE_INFOPLIST_FILE = YES;
				INFOPLIST_FILE = "ZEPETO-iOS/Info.plist";
				INFOPLIST_KEY_UIApplicationSupportsIndirectInputEvents = YES;
				INFOPLIST_KEY_UILaunchStoryboardName = LaunchScreen;
				INFOPLIST_KEY_UIMainStoryboardFile = Main;
				INFOPLIST_KEY_UISupportedInterfaceOrientations_iPad = "UIInterfaceOrientationPortrait UIInterfaceOrientationPortraitUpsideDown UIInterfaceOrientationLandscapeLeft UIInterfaceOrientationLandscapeRight";
				INFOPLIST_KEY_UISupportedInterfaceOrientations_iPhone = "UIInterfaceOrientationPortrait UIInterfaceOrientationLandscapeLeft UIInterfaceOrientationLandscapeRight";
				LD_RUNPATH_SEARCH_PATHS = (
					"$(inherited)",
					"@executable_path/Frameworks",
				);
				MARKETING_VERSION = 1.0;
				PRODUCT_BUNDLE_IDENTIFIER = "com.eunju.ZEPETO-iOS";
				PRODUCT_NAME = "$(TARGET_NAME)";
				SWIFT_EMIT_LOC_STRINGS = YES;
				SWIFT_VERSION = 5.0;
				TARGETED_DEVICE_FAMILY = "1,2";
			};
			name = Release;
		};
/* End XCBuildConfiguration section */

/* Begin XCConfigurationList section */
		774BF65C28323FDC00AA71F1 /* Build configuration list for PBXProject "ZEPETO-iOS" */ = {
			isa = XCConfigurationList;
			buildConfigurations = (
				774BF67328323FDD00AA71F1 /* Debug */,
				774BF67428323FDD00AA71F1 /* Release */,
			);
			defaultConfigurationIsVisible = 0;
			defaultConfigurationName = Release;
		};
		774BF67528323FDD00AA71F1 /* Build configuration list for PBXNativeTarget "ZEPETO-iOS" */ = {
			isa = XCConfigurationList;
			buildConfigurations = (
				774BF67628323FDD00AA71F1 /* Debug */,
				774BF67728323FDD00AA71F1 /* Release */,
			);
			defaultConfigurationIsVisible = 0;
			defaultConfigurationName = Release;
		};
/* End XCConfigurationList section */
	};
	rootObject = 774BF65928323FDC00AA71F1 /* Project object */;
}
